{
  "lockfile_version": "1",
  "packages": {
    "gh@2.68.1": {
      "last_modified": "2025-03-11T17:52:14Z",
      "resolved": "github:NixOS/nixpkgs/0d534853a55b5d02a4ababa1d71921ce8f0aee4c#gh",
      "source": "devbox-search",
      "version": "2.68.1",
      "systems": {
        "aarch64-darwin": {
          "outputs": [
            {
              "name": "out",
              "path": "/nix/store/qbam4w81gg5fvs4dh02mlqbvk9ycgdrn-gh-2.68.1",
              "default": true
            }
          ],
          "store_path": "/nix/store/qbam4w81gg5fvs4dh02mlqbvk9ycgdrn-gh-2.68.1"
        },
        "aarch64-linux": {
          "outputs": [
            {
              "name": "out",
              "path": "/nix/store/y54l6mdjb6dfjgc3144ycdi2ahmjaiba-gh-2.68.1",
              "default": true
            }
          ],
          "store_path": "/nix/store/y54l6mdjb6dfjgc3144ycdi2ahmjaiba-gh-2.68.1"
        },
        "x86_64-darwin": {
          "outputs": [
            {
              "name": "out",
              "path": "/nix/store/r1qmxbxn6ila24ahh94w0h3f07dkjpsn-gh-2.68.1",
              "default": true
            }
          ],
          "store_path": "/nix/store/r1qmxbxn6ila24ahh94w0h3f07dkjpsn-gh-2.68.1"
        },
        "x86_64-linux": {
          "outputs": [
            {
              "name": "out",
              "path": "/nix/store/xnx0zdzqyrl07hslrf0r6dc95rvi1sb8-gh-2.68.1",
              "default": true
            }
          ],
          "store_path": "/nix/store/xnx0zdzqyrl07hslrf0r6dc95rvi1sb8-gh-2.68.1"
        }
      }
    },
    "github:NixOS/nixpkgs/nixpkgs-unstable": {
      "resolved": "github:NixOS/nixpkgs/f0204ef4baa3b6317dee1c84ddeffbd293638836?lastModified=1739742245&narHash=sha256-oAgAV4fLWMIPqsEyZVVdk7c0SUdDOV1E7Epq0EIUQs4%3D"
    },
    "python@3.13.1": {
      "last_modified": "2025-02-07T11:26:36Z",
      "plugin_version": "0.0.4",
      "resolved": "github:NixOS/nixpkgs/d98abf5cf5914e5e4e9d57205e3af55ca90ffc1d#python313",
      "source": "devbox-search",
      "version": "3.13.1",
      "systems": {
        "aarch64-darwin": {
          "outputs": [
            {
              "name": "out",
              "path": "/nix/store/c58pgxyyagq8kgf2pylh43pkvr23dn4n-python3-3.13.1",
              "default": true
            }
          ],
          "store_path": "/nix/store/c58pgxyyagq8kgf2pylh43pkvr23dn4n-python3-3.13.1"
        },
        "aarch64-linux": {
          "outputs": [
            {
              "name": "out",
              "path": "/nix/store/8w4bdkfyarppwnwdiglyq6fxa86lxcph-python3-3.13.1",
              "default": true
            },
            {
              "name": "debug",
              "path": "/nix/store/lpmm7mf9pfgii513ycxbib7d1m0j0jc6-python3-3.13.1-debug"
            }
          ],
          "store_path": "/nix/store/8w4bdkfyarppwnwdiglyq6fxa86lxcph-python3-3.13.1"
        },
        "x86_64-darwin": {
          "outputs": [
            {
              "name": "out",
              "path": "/nix/store/f5y4g3kbn26mz2b0i708a3m9bwqn707h-python3-3.13.1",
              "default": true
            }
          ],
          "store_path": "/nix/store/f5y4g3kbn26mz2b0i708a3m9bwqn707h-python3-3.13.1"
        },
        "x86_64-linux": {
          "outputs": [
            {
              "name": "out",
              "path": "/nix/store/4nj4l3scr96gcx4jirb3kfv24c4ay1z7-python3-3.13.1",
              "default": true
            },
            {
              "name": "debug",
              "path": "/nix/store/drc4fwzlc0rnzyczzpql1n7ggysnfgim-python3-3.13.1-debug"
            }
          ],
          "store_path": "/nix/store/4nj4l3scr96gcx4jirb3kfv24c4ay1z7-python3-3.13.1"
        }
      }
    },
    "uv@0.6.0": {
      "last_modified": "2025-02-16T00:50:12Z",
      "resolved": "github:NixOS/nixpkgs/1dcdd535fef84d4671129a10e7072d56dca9a4d3#uv",
      "source": "devbox-search",
      "version": "0.6.0",
      "systems": {
        "aarch64-darwin": {
          "outputs": [
            {
              "name": "out",
              "path": "/nix/store/w4nazrllmbx6kbp0bxwxxaz0axgk459x-uv-0.6.0",
              "default": true
            }
          ],
          "store_path": "/nix/store/w4nazrllmbx6kbp0bxwxxaz0axgk459x-uv-0.6.0"
        },
        "aarch64-linux": {
          "outputs": [
            {
              "name": "out",
              "path": "/nix/store/w3gapvlvxj0qgw94ywfzgh2yz1wjsdrx-uv-0.6.0",
              "default": true
            }
          ],
          "store_path": "/nix/store/w3gapvlvxj0qgw94ywfzgh2yz1wjsdrx-uv-0.6.0"
        },
        "x86_64-darwin": {
          "outputs": [
            {
              "name": "out",
              "path": "/nix/store/cx99nmyf12mzy5ynki0w0bjb5hlsmsj2-uv-0.6.0",
              "default": true
            }
          ],
          "store_path": "/nix/store/cx99nmyf12mzy5ynki0w0bjb5hlsmsj2-uv-0.6.0"
        },
        "x86_64-linux": {
          "outputs": [
            {
              "name": "out",
              "path": "/nix/store/jss0dgj7sgq49rgqhz2f8a1l58dam6dr-uv-0.6.0",
              "default": true
            }
          ],
          "store_path": "/nix/store/jss0dgj7sgq49rgqhz2f8a1l58dam6dr-uv-0.6.0"
        }
      }
    }
  }
}
